
Microsoft Visual Studio Solution File, Format Version 12.00
# Visual Studio Version 17
VisualStudioVersion = 17.0.31903.59
MinimumVisualStudioVersion = 10.0.40219.1
Project("{FAE04EC0-301F-11D3-BF4B-00C04F79EFBC}") = "SlurmJobManager.Core", "src\SlurmJobManager.Core\SlurmJobManager.Core.csproj", "{A975704A-E523-4B84-9166-3ED9FBE85722}"
EndProject
Project("{FAE04EC0-301F-11D3-BF4B-00C04F79EFBC}") = "SlurmJobManager.Infrastructure", "src\SlurmJobManager.Infrastructure\SlurmJobManager.Infrastructure.csproj", "{AED414F0-F36F-47FB-BCA6-CFBF4EBB88F2}"
EndProject
Project("{FAE04EC0-301F-11D3-BF4B-00C04F79EFBC}") = "SlurmJobManager.App", "src\SlurmJobManager.App\SlurmJobManager.App.csproj", "{7100D867-5E66-451C-A910-23F62E50564A}"
EndProject
Project("{FAE04EC0-301F-11D3-BF4B-00C04F79EFBC}") = "SlurmJobManager.Updater", "src\SlurmJobManager.Updater\SlurmJobManager.Updater.csproj", "{8C1659CA-B0D6-4F0E-8D15-6765B57E4FCE}"
EndProject
Global
	GlobalSection(SolutionConfigurationPlatforms) = preSolution
		Debug|Any CPU = Debug|Any CPU
		Release|Any CPU = Release|Any CPU
	EndGlobalSection
	GlobalSection(ProjectConfigurationPlatforms) = postSolution
		{A975704A-E523-4B84-9166-3ED9FBE85722}.Debug|Any CPU.ActiveCfg = Debug|Any CPU
		{A975704A-E523-4B84-9166-3ED9FBE85722}.Debug|Any CPU.Build.0 = Debug|Any CPU
		{A975704A-E523-4B84-9166-3ED9FBE85722}.Release|Any CPU.ActiveCfg = Release|Any CPU
		{A975704A-E523-4B84-9166-3ED9FBE85722}.Release|Any CPU.Build.0 = Release|Any CPU
		{AED414F0-F36F-47FB-BCA6-CFBF4EBB88F2}.Debug|Any CPU.ActiveCfg = Debug|Any CPU
		{AED414F0-F36F-47FB-BCA6-CFBF4EBB88F2}.Debug|Any CPU.Build.0 = Debug|Any CPU
		{AED414F0-F36F-47FB-BCA6-CFBF4EBB88F2}.Release|Any CPU.ActiveCfg = Release|Any CPU
		{AED414F0-F36F-47FB-BCA6-CFBF4EBB88F2}.Release|Any CPU.Build.0 = Release|Any CPU
		{7100D867-5E66-451C-A910-23F62E50564A}.Debug|Any CPU.ActiveCfg = Debug|Any CPU
		{7100D867-5E66-451C-A910-23F62E50564A}.Debug|Any CPU.Build.0 = Debug|Any CPU
		{7100D867-5E66-451C-A910-23F62E50564A}.Release|Any CPU.ActiveCfg = Release|Any CPU
		{7100D867-5E66-451C-A910-23F62E50564A}.Release|Any CPU.Build.0 = Release|Any CPU
		{8C1659CA-B0D6-4F0E-8D15-6765B57E4FCE}.Debug|Any CPU.ActiveCfg = Debug|Any CPU
		{8C1659CA-B0D6-4F0E-8D15-6765B57E4FCE}.Debug|Any CPU.Build.0 = Debug|Any CPU
		{8C1659CA-B0D6-4F0E-8D15-6765B57E4FCE}.Release|Any CPU.ActiveCfg = Release|Any CPU
		{8C1659CA-B0D6-4F0E-8D15-6765B57E4FCE}.Release|Any CPU.Build.0 = Release|Any CPU
	EndGlobalSection
	GlobalSection(SolutionProperties) = preSolution
		HideSolutionNode = FALSE
	EndGlobalSection
EndGlobal
